<Solution>
  <Folder Name="/backend/">
    <Project Path="backend/foodplaner.Api/foodplaner.Api.csproj" />
  </Folder>
  <Folder Name="/frontend/">
    <Project Path="frontend/foodplaner.Web/foodplaner.Web.csproj" />
  </Folder>
  <Folder Name="/shared/">
    <Project Path="shared/foodplaner.Shared/foodplaner.Shared.csproj" />
  </Folder>
</Solution>
